// !$*UTF8*$!
{
	archiveVersion = 1;
	classes = {
	};
	objectVersion = 51;
	objects = {

/* Begin PBXBuildFile section */
		01DCC5C623817C20002B937C /* AppDelegate.swift in Sources */ = {isa = PBXBuildFile; fileRef = 01DCC5C523817C20002B937C /* AppDelegate.swift */; };
		01DCC5C823817C20002B937C /* SceneDelegate.swift in Sources */ = {isa = PBXBuildFile; fileRef = 01DCC5C723817C20002B937C /* SceneDelegate.swift */; };
		01DCC5CA23817C20002B937C /* ContentView.swift in Sources */ = {isa = PBXBuildFile; fileRef = 01DCC5C923817C20002B937C /* ContentView.swift */; };
		01DCC5CC23817C21002B937C /* Assets.xcassets in Resources */ = {isa = PBXBuildFile; fileRef = 01DCC5CB23817C21002B937C /* Assets.xcassets */; };
		01DCC5E623818CE8002B937C /* index.html in Resources */ = {isa = PBXBuildFile; fileRef = 01DCC5E523818BE6002B937C /* index.html */; };
		F892A82EDB45BBE003C03522 /* Pods_CORSTest.framework in Frameworks */ = {isa = PBXBuildFile; fileRef = D70E977F65DF24E6FC8B3CC6 /* Pods_CORSTest.framework */; };
/* End PBXBuildFile section */

/* Begin PBXFileReference section */
		01DCC5C223817C20002B937C /* CORSTest.app */ = {isa = PBXFileReference; explicitFileType = wrapper.application; includeInIndex = 0; path = CORSTest.app; sourceTree = BUILT_PRODUCTS_DIR; };
		01DCC5C523817C20002B937C /* AppDelegate.swift */ = {isa = PBXFileReference; lastKnownFileType = sourcecode.swift; path = AppDelegate.swift; sourceTree = "<group>"; };
		01DCC5C723817C20002B937C /* SceneDelegate.swift */ = {isa = PBXFileReference; lastKnownFileType = sourcecode.swift; path = SceneDelegate.swift; sourceTree = "<group>"; };
		01DCC5C923817C20002B937C /* ContentView.swift */ = {isa = PBXFileReference; lastKnownFileType = sourcecode.swift; path = ContentView.swift; sourceTree = "<group>"; };
		01DCC5CB23817C21002B937C /* Assets.xcassets */ = {isa = PBXFileReference; lastKnownFileType = folder.assetcatalog; path = Assets.xcassets; sourceTree = "<group>"; };
		01DCC5D323817C21002B937C /* Info.plist */ = {isa = PBXFileReference; lastKnownFileType = text.plist.xml; path = Info.plist; sourceTree = "<group>"; };
		01DCC5E523818BE6002B937C /* index.html */ = {isa = PBXFileReference; indentWidth = 2; lastKnownFileType = text.html; path = index.html; sourceTree = "<group>"; tabWidth = 2; };
		138F5DCBB6D0D82F7A8A34A8 /* Pods-CORSTest.debug.xcconfig */ = {isa = PBXFileReference; includeInIndex = 1; lastKnownFileType = text.xcconfig; name = "Pods-CORSTest.debug.xcconfig"; path = "Target Support Files/Pods-CORSTest/Pods-CORSTest.debug.xcconfig"; sourceTree = "<group>"; };
		7ED142E778793184B37A02A6 /* Pods-CORSTest.release.xcconfig */ = {isa = PBXFileReference; includeInIndex = 1; lastKnownFileType = text.xcconfig; name = "Pods-CORSTest.release.xcconfig"; path = "Target Support Files/Pods-CORSTest/Pods-CORSTest.release.xcconfig"; sourceTree = "<group>"; };
		D70E977F65DF24E6FC8B3CC6 /* Pods_CORSTest.framework */ = {isa = PBXFileReference; explicitFileType = wrapper.framework; includeInIndex = 0; path = Pods_CORSTest.framework; sourceTree = BUILT_PRODUCTS_DIR; };
/* End PBXFileReference section */

/* Begin PBXFrameworksBuildPhase section */
		01DCC5BF23817C20002B937C /* Frameworks */ = {
			isa = PBXFrameworksBuildPhase;
			buildActionMask = 2147483647;
			files = (
				F892A82EDB45BBE003C03522 /* Pods_CORSTest.framework in Frameworks */,
			);
			runOnlyForDeploymentPostprocessing = 0;
		};
/* End PBXFrameworksBuildPhase section */

/* Begin PBXGroup section */
		00DDDAA52BF7E1B8CAC8B206 /* Frameworks */ = {
			isa = PBXGroup;
			children = (
				D70E977F65DF24E6FC8B3CC6 /* Pods_CORSTest.framework */,
			);
			name = Frameworks;
			sourceTree = "<group>";
		};
		01DCC5B923817C20002B937C = {
			isa = PBXGroup;
			children = (
				01DCC5E423818BE6002B937C /* Resources */,
				01DCC5C423817C20002B937C /* CORSTest */,
				01DCC5C323817C20002B937C /* Products */,
				5771F7E0CC50D2DA9AD56F66 /* Pods */,
				00DDDAA52BF7E1B8CAC8B206 /* Frameworks */,
			);
			sourceTree = "<group>";
		};
		01DCC5C323817C20002B937C /* Products */ = {
			isa = PBXGroup;
			children = (
				01DCC5C223817C20002B937C /* CORSTest.app */,
			);
			name = Products;
			sourceTree = "<group>";
		};
		01DCC5C423817C20002B937C /* CORSTest */ = {
			isa = PBXGroup;
			children = (
				01DCC5C523817C20002B937C /* AppDelegate.swift */,
				01DCC5C723817C20002B937C /* SceneDelegate.swift */,
				01DCC5C923817C20002B937C /* ContentView.swift */,
				01DCC5CB23817C21002B937C /* Assets.xcassets */,
				01DCC5D323817C21002B937C /* Info.plist */,
			);
			path = CORSTest;
			sourceTree = "<group>";
		};
		01DCC5E423818BE6002B937C /* Resources */ = {
			isa = PBXGroup;
			children = (
				01DCC5E523818BE6002B937C /* index.html */,
			);
			path = Resources;
			sourceTree = "<group>";
		};
		5771F7E0CC50D2DA9AD56F66 /* Pods */ = {
			isa = PBXGroup;
			children = (
				138F5DCBB6D0D82F7A8A34A8 /* Pods-CORSTest.debug.xcconfig */,
				7ED142E778793184B37A02A6 /* Pods-CORSTest.release.xcconfig */,
			);
			path = Pods;
			sourceTree = "<group>";
		};
/* End PBXGroup section */

/* Begin PBXNativeTarget section */
		01DCC5C123817C20002B937C /* CORSTest */ = {
			isa = PBXNativeTarget;
			buildConfigurationList = 01DCC5D623817C21002B937C /* Build configuration list for PBXNativeTarget "CORSTest" */;
			buildPhases = (
				87947157BDA73CA84A158022 /* [CP] Check Pods Manifest.lock */,
				01DCC5BE23817C20002B937C /* Sources */,
				01DCC5BF23817C20002B937C /* Frameworks */,
				01DCC5C023817C20002B937C /* Resources */,
				DF94F914C2C60CC100670EC0 /* [CP] Embed Pods Frameworks */,
			);
			buildRules = (
			);
			dependencies = (
			);
			name = CORSTest;
			productName = CORSTest;
			productReference = 01DCC5C223817C20002B937C /* CORSTest.app */;
			productType = "com.apple.product-type.application";
		};
/* End PBXNativeTarget section */

/* Begin PBXProject section */
		01DCC5BA23817C20002B937C /* Project object */ = {
			isa = PBXProject;
			attributes = {
				LastSwiftUpdateCheck = 1120;
				LastUpgradeCheck = 1120;
				ORGANIZATIONNAME = "ft-pc34";
				TargetAttributes = {
					01DCC5C123817C20002B937C = {
						CreatedOnToolsVersion = 11.2.1;
						LastSwiftMigration = 1120;
					};
				};
			};
			buildConfigurationList = 01DCC5BD23817C20002B937C /* Build configuration list for PBXProject "CORSTest" */;
			compatibilityVersion = "Xcode 9.3";
			developmentRegion = en;
			hasScannedForEncodings = 0;
			knownRegions = (
				en,
				Base,
			);
			mainGroup = 01DCC5B923817C20002B937C;
			productRefGroup = 01DCC5C323817C20002B937C /* Products */;
			projectDirPath = "";
			projectRoot = "";
			targets = (
				01DCC5C123817C20002B937C /* CORSTest */,
			);
		};
/* End PBXProject section */

/* Begin PBXResourcesBuildPhase section */
		01DCC5C023817C20002B937C /* Resources */ = {
			isa = PBXResourcesBuildPhase;
			buildActionMask = 2147483647;
			files = (
				01DCC5CC23817C21002B937C /* Assets.xcassets in Resources */,
				01DCC5E623818CE8002B937C /* index.html in Resources */,
			);
			runOnlyForDeploymentPostprocessing = 0;
		};
/* End PBXResourcesBuildPhase section */

/* Begin PBXShellScriptBuildPhase section */
		87947157BDA73CA84A158022 /* [CP] Check Pods Manifest.lock */ = {
			isa = PBXShellScriptBuildPhase;
			buildActionMask = 2147483647;
			files = (
			);
			inputFileListPaths = (
			);
			inputPaths = (
				"${PODS_PODFILE_DIR_PATH}/Podfile.lock",
				"${PODS_ROOT}/Manifest.lock",
			);
			name = "[CP] Check Pods Manifest.lock";
			outputFileListPaths = (
			);
			outputPaths = (
				"$(DERIVED_FILE_DIR)/Pods-CORSTest-checkManifestLockResult.txt",
			);
			runOnlyForDeploymentPostprocessing = 0;
			shellPath = /bin/sh;
			shellScript = "diff \"${PODS_PODFILE_DIR_PATH}/Podfile.lock\" \"${PODS_ROOT}/Manifest.lock\" > /dev/null\nif [ $? != 0 ] ; then\n    # print error to STDERR\n    echo \"error: The sandbox is not in sync with the Podfile.lock. Run 'pod install' or update your CocoaPods installation.\" >&2\n    exit 1\nfi\n# This output is used by Xcode 'outputs' to avoid re-running this script phase.\necho \"SUCCESS\" > \"${SCRIPT_OUTPUT_FILE_0}\"\n";
			showEnvVarsInLog = 0;
		};
		DF94F914C2C60CC100670EC0 /* [CP] Embed Pods Frameworks */ = {
			isa = PBXShellScriptBuildPhase;
			buildActionMask = 2147483647;
			files = (
			);
			inputFileListPaths = (
				"${PODS_ROOT}/Target Support Files/Pods-CORSTest/Pods-CORSTest-frameworks-${CONFIGURATION}-input-files.xcfilelist",
			);
			name = "[CP] Embed Pods Frameworks";
			outputFileListPaths = (
				"${PODS_ROOT}/Target Support Files/Pods-CORSTest/Pods-CORSTest-frameworks-${CONFIGURATION}-output-files.xcfilelist",
			);
			runOnlyForDeploymentPostprocessing = 0;
			shellPath = /bin/sh;
			shellScript = "\"${PODS_ROOT}/Target Support Files/Pods-CORSTest/Pods-CORSTest-frameworks.sh\"\n";
			showEnvVarsInLog = 0;
		};
/* End PBXShellScriptBuildPhase section */

/* Begin PBXSourcesBuildPhase section */
		01DCC5BE23817C20002B937C /* Sources */ = {
			isa = PBXSourcesBuildPhase;
			buildActionMask = 2147483647;
			files = (
				01DCC5C623817C20002B937C /* AppDelegate.swift in Sources */,
				01DCC5C823817C20002B937C /* SceneDelegate.swift in Sources */,
				01DCC5CA23817C20002B937C /* ContentView.swift in Sources */,
			);
			runOnlyForDeploymentPostprocessing = 0;
		};
/* End PBXSourcesBuildPhase section */

/* Begin XCBuildConfiguration section */
		01DCC5D423817C21002B937C /* Debug */ = {
			isa = XCBuildConfiguration;
			buildSettings = {
				ALWAYS_SEARCH_USER_PATHS = NO;
				CLANG_ANALYZER_NONNULL = YES;
				CLANG_ANALYZER_NUMBER_OBJECT_CONVERSION = YES_AGGRESSIVE;
				CLANG_CXX_LANGUAGE_STANDARD = "gnu++14";
				CLANG_CXX_LIBRARY = "libc++";
				CLANG_ENABLE_MODULES = YES;
				CLANG_ENABLE_OBJC_ARC = YES;
				CLANG_ENABLE_OBJC_WEAK = YES;
				CLANG_WARN_BLOCK_CAPTURE_AUTORELEASING = YES;
				CLANG_WARN_BOOL_CONVERSION = YES;
				CLANG_WARN_COMMA = YES;
				CLANG_WARN_CONSTANT_CONVERSION = YES;
				CLANG_WARN_DEPRECATED_OBJC_IMPLEMENTATIONS = YES;
				CLANG_WARN_DIRECT_OBJC_ISA_USAGE = YES_ERROR;
				CLANG_WARN_DOCUMENTATION_COMMENTS = YES;
				CLANG_WARN_EMPTY_BODY = YES;
				CLANG_WARN_ENUM_CONVERSION = YES;
				CLANG_WARN_INFINITE_RECURSION = YES;
				CLANG_WARN_INT_CONVERSION = YES;
				CLANG_WARN_NON_LITERAL_NULL_CONVERSION = YES;
				CLANG_WARN_OBJC_IMPLICIT_RETAIN_SELF = YES;
				CLANG_WARN_OBJC_LITERAL_CONVERSION = YES;
				CLANG_WARN_OBJC_ROOT_CLASS = YES_ERROR;
				CLANG_WARN_RANGE_LOOP_ANALYSIS = YES;
				CLANG_WARN_STRICT_PROTOTYPES = YES;
				CLANG_WARN_SUSPICIOUS_MOVE = YES;
				CLANG_WARN_UNGUARDED_AVAILABILITY = YES_AGGRESSIVE;
				CLANG_WARN_UNREACHABLE_CODE = YES;
				CLANG_WARN__DUPLICATE_METHOD_MATCH = YES;
				COPY_PHASE_STRIP = NO;
				DEBUG_INFORMATION_FORMAT = dwarf;
				ENABLE_STRICT_OBJC_MSGSEND = YES;
				ENABLE_TESTABILITY = YES;
				GCC_C_LANGUAGE_STANDARD = gnu11;
				GCC_DYNAMIC_NO_PIC = NO;
				GCC_NO_COMMON_BLOCKS = YES;
				GCC_OPTIMIZATION_LEVEL = 0;
				GCC_PREPROCESSOR_DEFINITIONS = (
					"DEBUG=1",
					"$(inherited)",
				);
				GCC_WARN_64_TO_32_BIT_CONVERSION = YES;
				GCC_WARN_ABOUT_RETURN_TYPE = YES_ERROR;
				GCC_WARN_UNDECLARED_SELECTOR = YES;
				GCC_WARN_UNINITIALIZED_AUTOS = YES_AGGRESSIVE;
				GCC_WARN_UNUSED_FUNCTION = YES;
				GCC_WARN_UNUSED_VARIABLE = YES;
				IPHONEOS_DEPLOYMENT_TARGET = 13.2;
				MTL_ENABLE_DEBUG_INFO = INCLUDE_SOURCE;
				MTL_FAST_MATH = YES;
				ONLY_ACTIVE_ARCH = YES;
				SDKROOT = iphoneos;
				SWIFT_ACTIVE_COMPILATION_CONDITIONS = DEBUG;
				SWIFT_OPTIMIZATION_LEVEL = "-Onone";
			};
			name = Debug;
		};
		01DCC5D523817C21002B937C /* Release */ = {
			isa = XCBuildConfiguration;
			buildSettings = {
				ALWAYS_SEARCH_USER_PATHS = NO;
				CLANG_ANALYZER_NONNULL = YES;
				CLANG_ANALYZER_NUMBER_OBJECT_CONVERSION = YES_AGGRESSIVE;
				CLANG_CXX_LANGUAGE_STANDARD = "gnu++14";
				CLANG_CXX_LIBRARY = "libc++";
				CLANG_ENABLE_MODULES = YES;
				CLANG_ENABLE_OBJC_ARC = YES;
				CLANG_ENABLE_OBJC_WEAK = YES;
				CLANG_WARN_BLOCK_CAPTURE_AUTORELEASING = YES;
				CLANG_WARN_BOOL_CONVERSION = YES;
				CLANG_WARN_COMMA = YES;
				CLANG_WARN_CONSTANT_CONVERSION = YES;
				CLANG_WARN_DEPRECATED_OBJC_IMPLEMENTATIONS = YES;
				CLANG_WARN_DIRECT_OBJC_ISA_USAGE = YES_ERROR;
				CLANG_WARN_DOCUMENTATION_COMMENTS = YES;
				CLANG_WARN_EMPTY_BODY = YES;
				CLANG_WARN_ENUM_CONVERSION = YES;
				CLANG_WARN_INFINITE_RECURSION = YES;
				CLANG_WARN_INT_CONVERSION = YES;
				CLANG_WARN_NON_LITERAL_NULL_CONVERSION = YES;
				CLANG_WARN_OBJC_IMPLICIT_RETAIN_SELF = YES;
				CLANG_WARN_OBJC_LITERAL_CONVERSION = YES;
				CLANG_WARN_OBJC_ROOT_CLASS = YES_ERROR;
				CLANG_WARN_RANGE_LOOP_ANALYSIS = YES;
				CLANG_WARN_STRICT_PROTOTYPES = YES;
				CLANG_WARN_SUSPICIOUS_MOVE = YES;
				CLANG_WARN_UNGUARDED_AVAILABILITY = YES_AGGRESSIVE;
				CLANG_WARN_UNREACHABLE_CODE = YES;
				CLANG_WARN__DUPLICATE_METHOD_MATCH = YES;
				COPY_PHASE_STRIP = NO;
				DEBUG_INFORMATION_FORMAT = "dwarf-with-dsym";
				ENABLE_NS_ASSERTIONS = NO;
				ENABLE_STRICT_OBJC_MSGSEND = YES;
				GCC_C_LANGUAGE_STANDARD = gnu11;
				GCC_NO_COMMON_BLOCKS = YES;
				GCC_WARN_64_TO_32_BIT_CONVERSION = YES;
				GCC_WARN_ABOUT_RETURN_TYPE = YES_ERROR;
				GCC_WARN_UNDECLARED_SELECTOR = YES;
				GCC_WARN_UNINITIALIZED_AUTOS = YES_AGGRESSIVE;
				GCC_WARN_UNUSED_FUNCTION = YES;
				GCC_WARN_UNUSED_VARIABLE = YES;
				IPHONEOS_DEPLOYMENT_TARGET = 13.2;
				MTL_ENABLE_DEBUG_INFO = NO;
				MTL_FAST_MATH = YES;
				SDKROOT = iphoneos;
				SWIFT_COMPILATION_MODE = wholemodule;
				SWIFT_OPTIMIZATION_LEVEL = "-O";
				VALIDATE_PRODUCT = YES;
			};
			name = Release;
		};
		01DCC5D723817C21002B937C /* Debug */ = {
			isa = XCBuildConfiguration;
			baseConfigurationReference = 138F5DCBB6D0D82F7A8A34A8 /* Pods-CORSTest.debug.xcconfig */;
			buildSettings = {
				ASSETCATALOG_COMPILER_APPICON_NAME = AppIcon;
				CLANG_ENABLE_MODULES = YES;
				CODE_SIGN_STYLE = Automatic;
				DEVELOPMENT_ASSET_PATHS = "";
				ENABLE_PREVIEWS = YES;
				INFOPLIST_FILE = CORSTest/Info.plist;
				LD_RUNPATH_SEARCH_PATHS = (
					"$(inherited)",
					"@executable_path/Frameworks",
				);
				PRODUCT_BUNDLE_IDENTIFIER = jp.wamei.CORSTest;
				PRODUCT_NAME = "$(TARGET_NAME)";
				SWIFT_OPTIMIZATION_LEVEL = "-Onone";
				SWIFT_VERSION = 5.0;
				TARGETED_DEVICE_FAMILY = "1,2";
			};
			name = Debug;
		};
		01DCC5D823817C21002B937C /* Release */ = {
			isa = XCBuildConfiguration;
			baseConfigurationReference = 7ED142E778793184B37A02A6 /* Pods-CORSTest.release.xcconfig */;
			buildSettings = {
				ASSETCATALOG_COMPILER_APPICON_NAME = AppIcon;
				CLANG_ENABLE_MODULES = YES;
				CODE_SIGN_STYLE = Automatic;
				DEVELOPMENT_ASSET_PATHS = "";
				ENABLE_PREVIEWS = YES;
				INFOPLIST_FILE = CORSTest/Info.plist;
				LD_RUNPATH_SEARCH_PATHS = (
					"$(inherited)",
					"@executable_path/Frameworks",
				);
				PRODUCT_BUNDLE_IDENTIFIER = jp.wamei.CORSTest;
				PRODUCT_NAME = "$(TARGET_NAME)";
				SWIFT_VERSION = 5.0;
				TARGETED_DEVICE_FAMILY = "1,2";
			};
			name = Release;
		};
/* End XCBuildConfiguration section */

/* Begin XCConfigurationList section */
		01DCC5BD23817C20002B937C /* Build configuration list for PBXProject "CORSTest" */ = {
			isa = XCConfigurationList;
			buildConfigurations = (
				01DCC5D423817C21002B937C /* Debug */,
				01DCC5D523817C21002B937C /* Release */,
			);
			defaultConfigurationIsVisible = 0;
			defaultConfigurationName = Release;
		};
		01DCC5D623817C21002B937C /* Build configuration list for PBXNativeTarget "CORSTest" */ = {
			isa = XCConfigurationList;
			buildConfigurations = (
				01DCC5D723817C21002B937C /* Debug */,
				01DCC5D823817C21002B937C /* Release */,
			);
			defaultConfigurationIsVisible = 0;
			defaultConfigurationName = Release;
		};
/* End XCConfigurationList section */
	};
	rootObject = 01DCC5BA23817C20002B937C /* Project object */;
}
